
Microsoft Visual Studio Solution File, Format Version 12.00
# Visual Studio Version 17
VisualStudioVersion = 17.2.32602.215
MinimumVisualStudioVersion = 10.0.40219.1
Project("{FAE04EC0-301F-11D3-BF4B-00C04F79EFBC}") = "Employee_MultiThreading", "Employee_MultiThreading.csproj", "{3C3F4C10-9027-4A28-9BCA-77B395A515FD}"
EndProject
Project("{FAE04EC0-301F-11D3-BF4B-00C04F79EFBC}") = "testSQL", "..\testSQL\testSQL.csproj", "{A2CC16F0-25A0-492E-A5BE-F0C8DCBB1034}"
EndProject
Project("{FAE04EC0-301F-11D3-BF4B-00C04F79EFBC}") = "employee_Payroll_Test", "..\employee_Payroll_Test\employee_Payroll_Test.csproj", "{2EAEA6E2-0247-4AD3-A397-C7EFE1A39B02}"
EndProject
Global
	GlobalSection(SolutionConfigurationPlatforms) = preSolution
		Debug|Any CPU = Debug|Any CPU
		Release|Any CPU = Release|Any CPU
	EndGlobalSection
	GlobalSection(ProjectConfigurationPlatforms) = postSolution
		{3C3F4C10-9027-4A28-9BCA-77B395A515FD}.Debug|Any CPU.ActiveCfg = Debug|Any CPU
		{3C3F4C10-9027-4A28-9BCA-77B395A515FD}.Debug|Any CPU.Build.0 = Debug|Any CPU
		{3C3F4C10-9027-4A28-9BCA-77B395A515FD}.Release|Any CPU.ActiveCfg = Release|Any CPU
		{3C3F4C10-9027-4A28-9BCA-77B395A515FD}.Release|Any CPU.Build.0 = Release|Any CPU
		{A2CC16F0-25A0-492E-A5BE-F0C8DCBB1034}.Debug|Any CPU.ActiveCfg = Debug|Any CPU
		{A2CC16F0-25A0-492E-A5BE-F0C8DCBB1034}.Debug|Any CPU.Build.0 = Debug|Any CPU
		{A2CC16F0-25A0-492E-A5BE-F0C8DCBB1034}.Release|Any CPU.ActiveCfg = Release|Any CPU
		{A2CC16F0-25A0-492E-A5BE-F0C8DCBB1034}.Release|Any CPU.Build.0 = Release|Any CPU
		{2EAEA6E2-0247-4AD3-A397-C7EFE1A39B02}.Debug|Any CPU.ActiveCfg = Debug|Any CPU
		{2EAEA6E2-0247-4AD3-A397-C7EFE1A39B02}.Debug|Any CPU.Build.0 = Debug|Any CPU
		{2EAEA6E2-0247-4AD3-A397-C7EFE1A39B02}.Release|Any CPU.ActiveCfg = Release|Any CPU
		{2EAEA6E2-0247-4AD3-A397-C7EFE1A39B02}.Release|Any CPU.Build.0 = Release|Any CPU
	EndGlobalSection
	GlobalSection(SolutionProperties) = preSolution
		HideSolutionNode = FALSE
	EndGlobalSection
	GlobalSection(ExtensibilityGlobals) = postSolution
		SolutionGuid = {C1A84A47-64ED-4A8A-AEB8-332707602CD3}
	EndGlobalSection
EndGlobal
